
Microsoft Visual Studio Solution File, Format Version 12.00
# Visual Studio Version 16
VisualStudioVersion = 16.0.30503.244
MinimumVisualStudioVersion = 10.0.40219.1
Project("{FAE04EC0-301F-11D3-BF4B-00C04F79EFBC}") = "AVLTree", "AVLTree\AVLTree.csproj", "{ACC72D6D-E41A-406B-8362-DA7AA50A107C}"
EndProject
Project("{FAE04EC0-301F-11D3-BF4B-00C04F79EFBC}") = "TDD", "TDD\TDD.csproj", "{E5E1AD35-561B-4117-82FB-AFCD07A5A428}"
EndProject
Global
	GlobalSection(SolutionConfigurationPlatforms) = preSolution
		Debug|Any CPU = Debug|Any CPU
		Release|Any CPU = Release|Any CPU
	EndGlobalSection
	GlobalSection(ProjectConfigurationPlatforms) = postSolution
		{ACC72D6D-E41A-406B-8362-DA7AA50A107C}.Debug|Any CPU.ActiveCfg = Debug|Any CPU
		{ACC72D6D-E41A-406B-8362-DA7AA50A107C}.Debug|Any CPU.Build.0 = Debug|Any CPU
		{ACC72D6D-E41A-406B-8362-DA7AA50A107C}.Release|Any CPU.ActiveCfg = Release|Any CPU
		{ACC72D6D-E41A-406B-8362-DA7AA50A107C}.Release|Any CPU.Build.0 = Release|Any CPU
		{E5E1AD35-561B-4117-82FB-AFCD07A5A428}.Debug|Any CPU.ActiveCfg = Debug|Any CPU
		{E5E1AD35-561B-4117-82FB-AFCD07A5A428}.Debug|Any CPU.Build.0 = Debug|Any CPU
		{E5E1AD35-561B-4117-82FB-AFCD07A5A428}.Release|Any CPU.ActiveCfg = Release|Any CPU
		{E5E1AD35-561B-4117-82FB-AFCD07A5A428}.Release|Any CPU.Build.0 = Release|Any CPU
	EndGlobalSection
	GlobalSection(SolutionProperties) = preSolution
		HideSolutionNode = FALSE
	EndGlobalSection
	GlobalSection(ExtensibilityGlobals) = postSolution
		SolutionGuid = {94F405EC-3337-4DCA-A44D-84C2F5B86C55}
	EndGlobalSection
EndGlobal
