
Microsoft Visual Studio Solution File, Format Version 12.00
# Visual Studio Version 16
VisualStudioVersion = 16.0.30503.244
MinimumVisualStudioVersion = 10.0.40219.1
Project("{FAE04EC0-301F-11D3-BF4B-00C04F79EFBC}") = "BinaryExpressionTree", "BinaryExpressionTree\BinaryExpressionTree.csproj", "{F68C0F03-E0CB-4701-A807-BEE6D3BE2D76}"
EndProject
Project("{FAE04EC0-301F-11D3-BF4B-00C04F79EFBC}") = "TDD", "TDD\TDD.csproj", "{5392EB6D-F231-47C4-AF95-E83A17AF0314}"
EndProject
Global
	GlobalSection(SolutionConfigurationPlatforms) = preSolution
		Debug|Any CPU = Debug|Any CPU
		Release|Any CPU = Release|Any CPU
	EndGlobalSection
	GlobalSection(ProjectConfigurationPlatforms) = postSolution
		{F68C0F03-E0CB-4701-A807-BEE6D3BE2D76}.Debug|Any CPU.ActiveCfg = Debug|Any CPU
		{F68C0F03-E0CB-4701-A807-BEE6D3BE2D76}.Debug|Any CPU.Build.0 = Debug|Any CPU
		{F68C0F03-E0CB-4701-A807-BEE6D3BE2D76}.Release|Any CPU.ActiveCfg = Release|Any CPU
		{F68C0F03-E0CB-4701-A807-BEE6D3BE2D76}.Release|Any CPU.Build.0 = Release|Any CPU
		{5392EB6D-F231-47C4-AF95-E83A17AF0314}.Debug|Any CPU.ActiveCfg = Debug|Any CPU
		{5392EB6D-F231-47C4-AF95-E83A17AF0314}.Debug|Any CPU.Build.0 = Debug|Any CPU
		{5392EB6D-F231-47C4-AF95-E83A17AF0314}.Release|Any CPU.ActiveCfg = Release|Any CPU
		{5392EB6D-F231-47C4-AF95-E83A17AF0314}.Release|Any CPU.Build.0 = Release|Any CPU
	EndGlobalSection
	GlobalSection(SolutionProperties) = preSolution
		HideSolutionNode = FALSE
	EndGlobalSection
	GlobalSection(ExtensibilityGlobals) = postSolution
		SolutionGuid = {C47201CE-14F6-4A6D-B3C5-E55C1B81938C}
	EndGlobalSection
EndGlobal
