
Microsoft Visual Studio Solution File, Format Version 12.00
# Visual Studio Version 16
VisualStudioVersion = 16.0.30503.244
MinimumVisualStudioVersion = 10.0.40219.1
Project("{FAE04EC0-301F-11D3-BF4B-00C04F79EFBC}") = "LinkedList", "LinkedList\LinkedList.csproj", "{76367C64-9CFD-4EF0-A0CB-E3116E84D3DE}"
EndProject
Project("{FAE04EC0-301F-11D3-BF4B-00C04F79EFBC}") = "TDD", "TDD\TDD.csproj", "{4899A7E9-7C20-4AD6-A776-E0A0841A93AB}"
EndProject
Global
	GlobalSection(SolutionConfigurationPlatforms) = preSolution
		Debug|Any CPU = Debug|Any CPU
		Release|Any CPU = Release|Any CPU
	EndGlobalSection
	GlobalSection(ProjectConfigurationPlatforms) = postSolution
		{76367C64-9CFD-4EF0-A0CB-E3116E84D3DE}.Debug|Any CPU.ActiveCfg = Debug|Any CPU
		{76367C64-9CFD-4EF0-A0CB-E3116E84D3DE}.Debug|Any CPU.Build.0 = Debug|Any CPU
		{76367C64-9CFD-4EF0-A0CB-E3116E84D3DE}.Release|Any CPU.ActiveCfg = Release|Any CPU
		{76367C64-9CFD-4EF0-A0CB-E3116E84D3DE}.Release|Any CPU.Build.0 = Release|Any CPU
		{4899A7E9-7C20-4AD6-A776-E0A0841A93AB}.Debug|Any CPU.ActiveCfg = Debug|Any CPU
		{4899A7E9-7C20-4AD6-A776-E0A0841A93AB}.Debug|Any CPU.Build.0 = Debug|Any CPU
		{4899A7E9-7C20-4AD6-A776-E0A0841A93AB}.Release|Any CPU.ActiveCfg = Release|Any CPU
		{4899A7E9-7C20-4AD6-A776-E0A0841A93AB}.Release|Any CPU.Build.0 = Release|Any CPU
	EndGlobalSection
	GlobalSection(SolutionProperties) = preSolution
		HideSolutionNode = FALSE
	EndGlobalSection
	GlobalSection(ExtensibilityGlobals) = postSolution
		SolutionGuid = {43B169F1-ECBD-4715-93B5-ABE9930A8A55}
	EndGlobalSection
EndGlobal
