
Microsoft Visual Studio Solution File, Format Version 12.00
# Visual Studio Version 16
VisualStudioVersion = 16.0.30503.244
MinimumVisualStudioVersion = 10.0.40219.1
Project("{FAE04EC0-301F-11D3-BF4B-00C04F79EFBC}") = "Graph.DataAccess", "Graph.DataAccess\Graph.DataAccess.csproj", "{024D1AE3-AA97-4D55-824E-46709964DE36}"
EndProject
Global
	GlobalSection(SolutionConfigurationPlatforms) = preSolution
		Debug|Any CPU = Debug|Any CPU
		Release|Any CPU = Release|Any CPU
	EndGlobalSection
	GlobalSection(ProjectConfigurationPlatforms) = postSolution
		{024D1AE3-AA97-4D55-824E-46709964DE36}.Debug|Any CPU.ActiveCfg = Debug|Any CPU
		{024D1AE3-AA97-4D55-824E-46709964DE36}.Debug|Any CPU.Build.0 = Debug|Any CPU
		{024D1AE3-AA97-4D55-824E-46709964DE36}.Release|Any CPU.ActiveCfg = Release|Any CPU
		{024D1AE3-AA97-4D55-824E-46709964DE36}.Release|Any CPU.Build.0 = Release|Any CPU
	EndGlobalSection
	GlobalSection(SolutionProperties) = preSolution
		HideSolutionNode = FALSE
	EndGlobalSection
	GlobalSection(ExtensibilityGlobals) = postSolution
		SolutionGuid = {1B23B349-2BB3-4A2B-8EFC-581410288752}
	EndGlobalSection
EndGlobal
