
Microsoft Visual Studio Solution File, Format Version 12.00
# Visual Studio Version 16
VisualStudioVersion = 16.0.30503.244
MinimumVisualStudioVersion = 10.0.40219.1
Project("{9A19103F-16F7-4668-BE54-9A1E7A4F7556}") = "Graph.DataAccess", "Graph.DataAccess\Graph.DataAccess.csproj", "{E7AE43AF-B84E-41D2-9DAC-276C49680197}"
EndProject
Project("{FAE04EC0-301F-11D3-BF4B-00C04F79EFBC}") = "TDD", "TDD\TDD.csproj", "{515C099D-B86B-4377-8AD4-3AA9127BBE0D}"
EndProject
Global
	GlobalSection(SolutionConfigurationPlatforms) = preSolution
		Debug|Any CPU = Debug|Any CPU
		Release|Any CPU = Release|Any CPU
	EndGlobalSection
	GlobalSection(ProjectConfigurationPlatforms) = postSolution
		{E7AE43AF-B84E-41D2-9DAC-276C49680197}.Debug|Any CPU.ActiveCfg = Debug|Any CPU
		{E7AE43AF-B84E-41D2-9DAC-276C49680197}.Debug|Any CPU.Build.0 = Debug|Any CPU
		{E7AE43AF-B84E-41D2-9DAC-276C49680197}.Release|Any CPU.ActiveCfg = Release|Any CPU
		{E7AE43AF-B84E-41D2-9DAC-276C49680197}.Release|Any CPU.Build.0 = Release|Any CPU
		{515C099D-B86B-4377-8AD4-3AA9127BBE0D}.Debug|Any CPU.ActiveCfg = Debug|Any CPU
		{515C099D-B86B-4377-8AD4-3AA9127BBE0D}.Debug|Any CPU.Build.0 = Debug|Any CPU
		{515C099D-B86B-4377-8AD4-3AA9127BBE0D}.Release|Any CPU.ActiveCfg = Release|Any CPU
		{515C099D-B86B-4377-8AD4-3AA9127BBE0D}.Release|Any CPU.Build.0 = Release|Any CPU
	EndGlobalSection
	GlobalSection(SolutionProperties) = preSolution
		HideSolutionNode = FALSE
	EndGlobalSection
	GlobalSection(ExtensibilityGlobals) = postSolution
		SolutionGuid = {B21166B2-B4BA-44B0-AE84-6F71835E237A}
	EndGlobalSection
EndGlobal
